
Microsoft Visual Studio Solution File, Format Version 12.00
# Visual Studio 15
VisualStudioVersion = 15.0.28010.2026
MinimumVisualStudioVersion = 10.0.40219.1
Project("{E24C65DC-7377-472B-9ABA-BC803B73C61A}") = "Question_3_webservice", "Question_3_webservice\", "{8BEF52DD-D4AD-492F-A2F3-B4856B9D196B}"
	ProjectSection(WebsiteProperties) = preProject
		TargetFrameworkMoniker = ".NETFramework,Version%3Dv4.6.1"
		Debug.AspNetCompiler.VirtualPath = "/localhost_60530"
		Debug.AspNetCompiler.PhysicalPath = "Question_3_webservice\"
		Debug.AspNetCompiler.TargetPath = "PrecompiledWeb\localhost_60530\"
		Debug.AspNetCompiler.Updateable = "true"
		Debug.AspNetCompiler.ForceOverwrite = "true"
		Debug.AspNetCompiler.FixedNames = "false"
		Debug.AspNetCompiler.Debug = "True"
		Release.AspNetCompiler.VirtualPath = "/localhost_60530"
		Release.AspNetCompiler.PhysicalPath = "Question_3_webservice\"
		Release.AspNetCompiler.TargetPath = "PrecompiledWeb\localhost_60530\"
		Release.AspNetCompiler.Updateable = "true"
		Release.AspNetCompiler.ForceOverwrite = "true"
		Release.AspNetCompiler.FixedNames = "false"
		Release.AspNetCompiler.Debug = "False"
		VWDPort = "60530"
		SlnRelativePath = "Question_3_webservice\"
		DefaultWebSiteLanguage = "Visual C#"
	EndProjectSection
EndProject
Global
	GlobalSection(SolutionConfigurationPlatforms) = preSolution
		Debug|Any CPU = Debug|Any CPU
	EndGlobalSection
	GlobalSection(ProjectConfigurationPlatforms) = postSolution
		{8BEF52DD-D4AD-492F-A2F3-B4856B9D196B}.Debug|Any CPU.ActiveCfg = Debug|Any CPU
		{8BEF52DD-D4AD-492F-A2F3-B4856B9D196B}.Debug|Any CPU.Build.0 = Debug|Any CPU
	EndGlobalSection
	GlobalSection(SolutionProperties) = preSolution
		HideSolutionNode = FALSE
	EndGlobalSection
	GlobalSection(ExtensibilityGlobals) = postSolution
		SolutionGuid = {63E80E15-6B63-4A5F-B621-5F15B4E847CF}
	EndGlobalSection
EndGlobal
